
Microsoft Visual Studio Solution File, Format Version 12.00
# Visual Studio Version 16
VisualStudioVersion = 16.0.29920.165
MinimumVisualStudioVersion = 10.0.40219.1
Project("{FAE04EC0-301F-11D3-BF4B-00C04F79EFBC}") = "Business", "Business\Business.csproj", "{409E41C4-5A07-4F37-BC9F-0416013A75E7}"
EndProject
Project("{FAE04EC0-301F-11D3-BF4B-00C04F79EFBC}") = "DataAccess", "DataAccess\DataAccess.csproj", "{A35DD359-2EBA-468F-AA0C-94D945125BEB}"
EndProject
Project("{FAE04EC0-301F-11D3-BF4B-00C04F79EFBC}") = "Entities", "Entities\Entities.csproj", "{8218CBB5-B816-4A0B-9F60-0CC963BB5F97}"
EndProject
Project("{FAE04EC0-301F-11D3-BF4B-00C04F79EFBC}") = "WebUI", "WebUI\WebUI.csproj", "{14A25E2F-0EE8-4EC6-8694-05B8620A5700}"
EndProject
Project("{9A19103F-16F7-4668-BE54-9A1E7A4F7556}") = "Core", "..\..\4_FarukSarı\FitnessTrackerZ\Core\Core.csproj", "{82DADD5A-FDD8-4D83-9995-C81BBCBC4BDF}"
EndProject
Global
	GlobalSection(SolutionConfigurationPlatforms) = preSolution
		Debug|Any CPU = Debug|Any CPU
		Release|Any CPU = Release|Any CPU
	EndGlobalSection
	GlobalSection(ProjectConfigurationPlatforms) = postSolution
		{409E41C4-5A07-4F37-BC9F-0416013A75E7}.Debug|Any CPU.ActiveCfg = Debug|Any CPU
		{409E41C4-5A07-4F37-BC9F-0416013A75E7}.Debug|Any CPU.Build.0 = Debug|Any CPU
		{409E41C4-5A07-4F37-BC9F-0416013A75E7}.Release|Any CPU.ActiveCfg = Release|Any CPU
		{409E41C4-5A07-4F37-BC9F-0416013A75E7}.Release|Any CPU.Build.0 = Release|Any CPU
		{A35DD359-2EBA-468F-AA0C-94D945125BEB}.Debug|Any CPU.ActiveCfg = Debug|Any CPU
		{A35DD359-2EBA-468F-AA0C-94D945125BEB}.Debug|Any CPU.Build.0 = Debug|Any CPU
		{A35DD359-2EBA-468F-AA0C-94D945125BEB}.Release|Any CPU.ActiveCfg = Release|Any CPU
		{A35DD359-2EBA-468F-AA0C-94D945125BEB}.Release|Any CPU.Build.0 = Release|Any CPU
		{8218CBB5-B816-4A0B-9F60-0CC963BB5F97}.Debug|Any CPU.ActiveCfg = Debug|Any CPU
		{8218CBB5-B816-4A0B-9F60-0CC963BB5F97}.Debug|Any CPU.Build.0 = Debug|Any CPU
		{8218CBB5-B816-4A0B-9F60-0CC963BB5F97}.Release|Any CPU.ActiveCfg = Release|Any CPU
		{8218CBB5-B816-4A0B-9F60-0CC963BB5F97}.Release|Any CPU.Build.0 = Release|Any CPU
		{14A25E2F-0EE8-4EC6-8694-05B8620A5700}.Debug|Any CPU.ActiveCfg = Debug|Any CPU
		{14A25E2F-0EE8-4EC6-8694-05B8620A5700}.Debug|Any CPU.Build.0 = Debug|Any CPU
		{14A25E2F-0EE8-4EC6-8694-05B8620A5700}.Release|Any CPU.ActiveCfg = Release|Any CPU
		{14A25E2F-0EE8-4EC6-8694-05B8620A5700}.Release|Any CPU.Build.0 = Release|Any CPU
		{82DADD5A-FDD8-4D83-9995-C81BBCBC4BDF}.Debug|Any CPU.ActiveCfg = Debug|Any CPU
		{82DADD5A-FDD8-4D83-9995-C81BBCBC4BDF}.Debug|Any CPU.Build.0 = Debug|Any CPU
		{82DADD5A-FDD8-4D83-9995-C81BBCBC4BDF}.Release|Any CPU.ActiveCfg = Release|Any CPU
		{82DADD5A-FDD8-4D83-9995-C81BBCBC4BDF}.Release|Any CPU.Build.0 = Release|Any CPU
	EndGlobalSection
	GlobalSection(SolutionProperties) = preSolution
		HideSolutionNode = FALSE
	EndGlobalSection
	GlobalSection(ExtensibilityGlobals) = postSolution
		SolutionGuid = {B3F810F1-A377-4FBF-ACFB-FD9237BFC1C3}
	EndGlobalSection
EndGlobal
